
Microsoft Visual Studio Solution File, Format Version 12.00
# Visual Studio Version 17
VisualStudioVersion = 17.0.31903.59
MinimumVisualStudioVersion = 10.0.40219.1
Project("{2150E333-8FDC-42A3-9474-1A3956D46DE8}") = "GenerativePatterns", "GenerativePatterns", "{88AFBED9-6DBB-4F44-B335-0F74E2019EF2}"
EndProject
Project("{2150E333-8FDC-42A3-9474-1A3956D46DE8}") = "StructuralPatterns", "StructuralPatterns", "{13580298-89BB-4A5F-AEAB-240193E2B3C2}"
EndProject
Project("{2150E333-8FDC-42A3-9474-1A3956D46DE8}") = "BehavioralPatterns", "BehavioralPatterns", "{4FAFC9EA-5E4B-4E80-8780-6EBB027649BD}"
EndProject
Project("{9A19103F-16F7-4668-BE54-9A1E7A4F7556}") = "FactoryMethod", "FactoryMethod\FactoryMethod.csproj", "{2E342980-DAFB-494D-BB03-8588ACED701F}"
EndProject
Project("{9A19103F-16F7-4668-BE54-9A1E7A4F7556}") = "AbstractFctory", "AbstractFctory\AbstractFctory.csproj", "{EB722AFE-197B-4D9E-BA69-FC964DF14FDD}"
EndProject
Global
	GlobalSection(SolutionConfigurationPlatforms) = preSolution
		Debug|Any CPU = Debug|Any CPU
		Release|Any CPU = Release|Any CPU
	EndGlobalSection
	GlobalSection(ProjectConfigurationPlatforms) = postSolution
		{2E342980-DAFB-494D-BB03-8588ACED701F}.Debug|Any CPU.ActiveCfg = Debug|Any CPU
		{2E342980-DAFB-494D-BB03-8588ACED701F}.Debug|Any CPU.Build.0 = Debug|Any CPU
		{2E342980-DAFB-494D-BB03-8588ACED701F}.Release|Any CPU.ActiveCfg = Release|Any CPU
		{2E342980-DAFB-494D-BB03-8588ACED701F}.Release|Any CPU.Build.0 = Release|Any CPU
		{EB722AFE-197B-4D9E-BA69-FC964DF14FDD}.Debug|Any CPU.ActiveCfg = Debug|Any CPU
		{EB722AFE-197B-4D9E-BA69-FC964DF14FDD}.Debug|Any CPU.Build.0 = Debug|Any CPU
		{EB722AFE-197B-4D9E-BA69-FC964DF14FDD}.Release|Any CPU.ActiveCfg = Release|Any CPU
		{EB722AFE-197B-4D9E-BA69-FC964DF14FDD}.Release|Any CPU.Build.0 = Release|Any CPU
	EndGlobalSection
	GlobalSection(SolutionProperties) = preSolution
		HideSolutionNode = FALSE
	EndGlobalSection
	GlobalSection(NestedProjects) = preSolution
		{2E342980-DAFB-494D-BB03-8588ACED701F} = {88AFBED9-6DBB-4F44-B335-0F74E2019EF2}
		{EB722AFE-197B-4D9E-BA69-FC964DF14FDD} = {88AFBED9-6DBB-4F44-B335-0F74E2019EF2}
	EndGlobalSection
	GlobalSection(ExtensibilityGlobals) = postSolution
		SolutionGuid = {D9506344-EA90-4359-A243-E279BBC21514}
	EndGlobalSection
EndGlobal
